github.com/aws/aws-sdk-go-v2 v1.38.3 h1:B6cV4oxnMs45fql4yRH+/Po/YU+597zgWqvDpYMturk=
github.com/aws/aws-sdk-go-v2 v1.38.3/go.mod h1:sDioUELIUO9Znk23YVmIk86/9DOpkbyyVb1i/gUNFXY=
github.com/aws/aws-sdk-go-v2/internal/configsources v1.4.6 h1:uF68eJA6+S9iVr9WgX1NaRGyQ/6MdIyc4JNUo6TN1FA=
github.com/aws/aws-sdk-go-v2/internal/configsources v1.4.6/go.mod h1:qlPeVZCGPiobx8wb1ft0GHT5l+dc6ldnwInDFaMvC7Y=
github.com/aws/aws-sdk-go-v2/internal/endpoints/v2 v2.7.6 h1:pa1DEC6JoI0zduhZePp3zmhWvk/xxm4NB8Hy/Tlsgos=
github.com/aws/aws-sdk-go-v2/internal/endpoints/v2 v2.7.6/go.mod h1:gxEjPebnhWGJoaDdtDkA0JX46VRg1wcTHYe63OfX5pE=
github.com/aws/aws-sdk-go-v2/service/cloudwatch v1.49.2 h1:hhZnSp7al9i6Jfnb51j6AvbEITN+nlrYCZX7eEwcf7Y=
github.com/aws/aws-sdk-go-v2/service/cloudwatch v1.49.2/go.mod h1:+AW8Vf+OhePdK+WiRFDyzh6Le8QS4D6/Y6wKEC6NVlk=
github.com/aws/smithy-go v1.23.0 h1:8n6I3gXzWJB2DxBDnfxgBaSX6oe0d/t10qGz7OKqMCE=
github.com/aws/smithy-go v1.23.0/go.mod h1:t1ufH5HMublsJYulve2RKmHDC15xu1f26kHCp/HgceI=
